// !$*UTF8*$!
{
	archiveVersion = 1;
	classes = {
	};
	objectVersion = 50;
	objects = {

/* Begin PBXBuildFile section */
		6C357D7A215AD39000BEBC01 /* DetailViewController.swift in Sources */ = {isa = PBXBuildFile; fileRef = 6C357D79215AD39000BEBC01 /* DetailViewController.swift */; };
		6C357D7C215AD41500BEBC01 /* cities.swift in Sources */ = {isa = PBXBuildFile; fileRef = 6C357D7B215AD41500BEBC01 /* cities.swift */; };
		6C8E64E22159E96800F9B9E9 /* AppDelegate.swift in Sources */ = {isa = PBXBuildFile; fileRef = 6C8E64E12159E96800F9B9E9 /* AppDelegate.swift */; };
		6C8E64E42159E96800F9B9E9 /* ViewController.swift in Sources */ = {isa = PBXBuildFile; fileRef = 6C8E64E32159E96800F9B9E9 /* ViewController.swift */; };
		6C8E64E72159E96800F9B9E9 /* Main.storyboard in Resources */ = {isa = PBXBuildFile; fileRef = 6C8E64E52159E96800F9B9E9 /* Main.storyboard */; };
		6C8E64E92159E96900F9B9E9 /* Assets.xcassets in Resources */ = {isa = PBXBuildFile; fileRef = 6C8E64E82159E96900F9B9E9 /* Assets.xcassets */; };
		6C8E64EC2159E96900F9B9E9 /* LaunchScreen.storyboard in Resources */ = {isa = PBXBuildFile; fileRef = 6C8E64EA2159E96900F9B9E9 /* LaunchScreen.storyboard */; };
		6C8E64F72159E96900F9B9E9 /* lab4TableViewTests.swift in Sources */ = {isa = PBXBuildFile; fileRef = 6C8E64F62159E96900F9B9E9 /* lab4TableViewTests.swift */; };
		6C8E65022159E96900F9B9E9 /* lab4TableViewUITests.swift in Sources */ = {isa = PBXBuildFile; fileRef = 6C8E65012159E96900F9B9E9 /* lab4TableViewUITests.swift */; };
		6C8E65122159F78D00F9B9E9 /* CityTableViewCell.swift in Sources */ = {isa = PBXBuildFile; fileRef = 6C8E65112159F78D00F9B9E9 /* CityTableViewCell.swift */; };
		6CAC4D63215AF01D00A400C5 /* moonGoat copy.jpg in Resources */ = {isa = PBXBuildFile; fileRef = 6CAC4D62215AF01D00A400C5 /* moonGoat copy.jpg */; };
		6CAC4D65215AF02300A400C5 /* london.jpg in Resources */ = {isa = PBXBuildFile; fileRef = 6CAC4D64215AF02300A400C5 /* london.jpg */; };
		6CAC4D67215AF02B00A400C5 /* LA.png in Resources */ = {isa = PBXBuildFile; fileRef = 6CAC4D66215AF02B00A400C5 /* LA.png */; };
		6CAC4D69215AF03E00A400C5 /* venice.jpg in Resources */ = {isa = PBXBuildFile; fileRef = 6CAC4D68215AF03E00A400C5 /* venice.jpg */; };
		6CAC4D6B215AF04600A400C5 /* paris.jpg in Resources */ = {isa = PBXBuildFile; fileRef = 6CAC4D6A215AF04600A400C5 /* paris.jpg */; };
		6CAC4D6D215AF05400A400C5 /* hogwarts.jpg in Resources */ = {isa = PBXBuildFile; fileRef = 6CAC4D6C215AF05400A400C5 /* hogwarts.jpg */; };
/* End PBXBuildFile section */

/* Begin PBXContainerItemProxy section */
		6C8E64F32159E96900F9B9E9 /* PBXContainerItemProxy */ = {
			isa = PBXContainerItemProxy;
			containerPortal = 6C8E64D62159E96700F9B9E9 /* Project object */;
			proxyType = 1;
			remoteGlobalIDString = 6C8E64DD2159E96800F9B9E9;
			remoteInfo = lab4TableView;
		};
		6C8E64FE2159E96900F9B9E9 /* PBXContainerItemProxy */ = {
			isa = PBXContainerItemProxy;
			containerPortal = 6C8E64D62159E96700F9B9E9 /* Project object */;
			proxyType = 1;
			remoteGlobalIDString = 6C8E64DD2159E96800F9B9E9;
			remoteInfo = lab4TableView;
		};
/* End PBXContainerItemProxy section */

/* Begin PBXFileReference section */
		6C357D79215AD39000BEBC01 /* DetailViewController.swift */ = {isa = PBXFileReference; lastKnownFileType = sourcecode.swift; path = DetailViewController.swift; sourceTree = "<group>"; };
		6C357D7B215AD41500BEBC01 /* cities.swift */ = {isa = PBXFileReference; lastKnownFileType = sourcecode.swift; path = cities.swift; sourceTree = "<group>"; };
		6C8E64DE2159E96800F9B9E9 /* lab4TableView.app */ = {isa = PBXFileReference; explicitFileType = wrapper.application; includeInIndex = 0; path = lab4TableView.app; sourceTree = BUILT_PRODUCTS_DIR; };
		6C8E64E12159E96800F9B9E9 /* AppDelegate.swift */ = {isa = PBXFileReference; lastKnownFileType = sourcecode.swift; path = AppDelegate.swift; sourceTree = "<group>"; };
		6C8E64E32159E96800F9B9E9 /* ViewController.swift */ = {isa = PBXFileReference; lastKnownFileType = sourcecode.swift; path = ViewController.swift; sourceTree = "<group>"; };
		6C8E64E62159E96800F9B9E9 /* Base */ = {isa = PBXFileReference; lastKnownFileType = file.storyboard; name = Base; path = Base.lproj/Main.storyboard; sourceTree = "<group>"; };
		6C8E64E82159E96900F9B9E9 /* Assets.xcassets */ = {isa = PBXFileReference; lastKnownFileType = folder.assetcatalog; path = Assets.xcassets; sourceTree = "<group>"; };
		6C8E64EB2159E96900F9B9E9 /* Base */ = {isa = PBXFileReference; lastKnownFileType = file.storyboard; name = Base; path = Base.lproj/LaunchScreen.storyboard; sourceTree = "<group>"; };
		6C8E64ED2159E96900F9B9E9 /* Info.plist */ = {isa = PBXFileReference; lastKnownFileType = text.plist.xml; path = Info.plist; sourceTree = "<group>"; };
		6C8E64F22159E96900F9B9E9 /* lab4TableViewTests.xctest */ = {isa = PBXFileReference; explicitFileType = wrapper.cfbundle; includeInIndex = 0; path = lab4TableViewTests.xctest; sourceTree = BUILT_PRODUCTS_DIR; };
		6C8E64F62159E96900F9B9E9 /* lab4TableViewTests.swift */ = {isa = PBXFileReference; lastKnownFileType = sourcecode.swift; path = lab4TableViewTests.swift; sourceTree = "<group>"; };
		6C8E64F82159E96900F9B9E9 /* Info.plist */ = {isa = PBXFileReference; lastKnownFileType = text.plist.xml; path = Info.plist; sourceTree = "<group>"; };
		6C8E64FD2159E96900F9B9E9 /* lab4TableViewUITests.xctest */ = {isa = PBXFileReference; explicitFileType = wrapper.cfbundle; includeInIndex = 0; path = lab4TableViewUITests.xctest; sourceTree = BUILT_PRODUCTS_DIR; };
		6C8E65012159E96900F9B9E9 /* lab4TableViewUITests.swift */ = {isa = PBXFileReference; lastKnownFileType = sourcecode.swift; path = lab4TableViewUITests.swift; sourceTree = "<group>"; };
		6C8E65032159E96900F9B9E9 /* Info.plist */ = {isa = PBXFileReference; lastKnownFileType = text.plist.xml; path = Info.plist; sourceTree = "<group>"; };
		6C8E65112159F78D00F9B9E9 /* CityTableViewCell.swift */ = {isa = PBXFileReference; lastKnownFileType = sourcecode.swift; path = CityTableViewCell.swift; sourceTree = "<group>"; };
		6CAC4D62215AF01D00A400C5 /* moonGoat copy.jpg */ = {isa = PBXFileReference; lastKnownFileType = image.jpeg; path = "moonGoat copy.jpg"; sourceTree = "<group>"; };
		6CAC4D64215AF02300A400C5 /* london.jpg */ = {isa = PBXFileReference; lastKnownFileType = image.jpeg; path = london.jpg; sourceTree = "<group>"; };
		6CAC4D66215AF02B00A400C5 /* LA.png */ = {isa = PBXFileReference; lastKnownFileType = image.png; path = LA.png; sourceTree = "<group>"; };
		6CAC4D68215AF03E00A400C5 /* venice.jpg */ = {isa = PBXFileReference; lastKnownFileType = image.jpeg; path = venice.jpg; sourceTree = "<group>"; };
		6CAC4D6A215AF04600A400C5 /* paris.jpg */ = {isa = PBXFileReference; lastKnownFileType = image.jpeg; path = paris.jpg; sourceTree = "<group>"; };
		6CAC4D6C215AF05400A400C5 /* hogwarts.jpg */ = {isa = PBXFileReference; lastKnownFileType = image.jpeg; path = hogwarts.jpg; sourceTree = "<group>"; };
/* End PBXFileReference section */

/* Begin PBXFrameworksBuildPhase section */
		6C8E64DB2159E96800F9B9E9 /* Frameworks */ = {
			isa = PBXFrameworksBuildPhase;
			buildActionMask = 2147483647;
			files = (
			);
			runOnlyForDeploymentPostprocessing = 0;
		};
		6C8E64EF2159E96900F9B9E9 /* Frameworks */ = {
			isa = PBXFrameworksBuildPhase;
			buildActionMask = 2147483647;
			files = (
			);
			runOnlyForDeploymentPostprocessing = 0;
		};
		6C8E64FA2159E96900F9B9E9 /* Frameworks */ = {
			isa = PBXFrameworksBuildPhase;
			buildActionMask = 2147483647;
			files = (
			);
			runOnlyForDeploymentPostprocessing = 0;
		};
/* End PBXFrameworksBuildPhase section */

/* Begin PBXGroup section */
		6C8E64D52159E96700F9B9E9 = {
			isa = PBXGroup;
			children = (
				6C8E64E02159E96800F9B9E9 /* lab4TableView */,
				6C8E64F52159E96900F9B9E9 /* lab4TableViewTests */,
				6C8E65002159E96900F9B9E9 /* lab4TableViewUITests */,
				6C8E64DF2159E96800F9B9E9 /* Products */,
			);
			sourceTree = "<group>";
		};
		6C8E64DF2159E96800F9B9E9 /* Products */ = {
			isa = PBXGroup;
			children = (
				6C8E64DE2159E96800F9B9E9 /* lab4TableView.app */,
				6C8E64F22159E96900F9B9E9 /* lab4TableViewTests.xctest */,
				6C8E64FD2159E96900F9B9E9 /* lab4TableViewUITests.xctest */,
			);
			name = Products;
			sourceTree = "<group>";
		};
		6C8E64E02159E96800F9B9E9 /* lab4TableView */ = {
			isa = PBXGroup;
			children = (
				6C8E64E12159E96800F9B9E9 /* AppDelegate.swift */,
				6C8E64E32159E96800F9B9E9 /* ViewController.swift */,
				6C357D79215AD39000BEBC01 /* DetailViewController.swift */,
				6C357D7B215AD41500BEBC01 /* cities.swift */,
				6C8E64E52159E96800F9B9E9 /* Main.storyboard */,
				6C8E65112159F78D00F9B9E9 /* CityTableViewCell.swift */,
				6C8E64E82159E96900F9B9E9 /* Assets.xcassets */,
				6CAC4D6C215AF05400A400C5 /* hogwarts.jpg */,
				6CAC4D6A215AF04600A400C5 /* paris.jpg */,
				6CAC4D68215AF03E00A400C5 /* venice.jpg */,
				6CAC4D62215AF01D00A400C5 /* moonGoat copy.jpg */,
				6CAC4D64215AF02300A400C5 /* london.jpg */,
				6CAC4D66215AF02B00A400C5 /* LA.png */,
				6C8E64EA2159E96900F9B9E9 /* LaunchScreen.storyboard */,
				6C8E64ED2159E96900F9B9E9 /* Info.plist */,
			);
			path = lab4TableView;
			sourceTree = "<group>";
		};
		6C8E64F52159E96900F9B9E9 /* lab4TableViewTests */ = {
			isa = PBXGroup;
			children = (
				6C8E64F62159E96900F9B9E9 /* lab4TableViewTests.swift */,
				6C8E64F82159E96900F9B9E9 /* Info.plist */,
			);
			path = lab4TableViewTests;
			sourceTree = "<group>";
		};
		6C8E65002159E96900F9B9E9 /* lab4TableViewUITests */ = {
			isa = PBXGroup;
			children = (
				6C8E65012159E96900F9B9E9 /* lab4TableViewUITests.swift */,
				6C8E65032159E96900F9B9E9 /* Info.plist */,
			);
			path = lab4TableViewUITests;
			sourceTree = "<group>";
		};
/* End PBXGroup section */

/* Begin PBXNativeTarget section */
		6C8E64DD2159E96800F9B9E9 /* lab4TableView */ = {
			isa = PBXNativeTarget;
			buildConfigurationList = 6C8E65062159E96900F9B9E9 /* Build configuration list for PBXNativeTarget "lab4TableView" */;
			buildPhases = (
				6C8E64DA2159E96800F9B9E9 /* Sources */,
				6C8E64DB2159E96800F9B9E9 /* Frameworks */,
				6C8E64DC2159E96800F9B9E9 /* Resources */,
			);
			buildRules = (
			);
			dependencies = (
			);
			name = lab4TableView;
			productName = lab4TableView;
			productReference = 6C8E64DE2159E96800F9B9E9 /* lab4TableView.app */;
			productType = "com.apple.product-type.application";
		};
		6C8E64F12159E96900F9B9E9 /* lab4TableViewTests */ = {
			isa = PBXNativeTarget;
			buildConfigurationList = 6C8E65092159E96900F9B9E9 /* Build configuration list for PBXNativeTarget "lab4TableViewTests" */;
			buildPhases = (
				6C8E64EE2159E96900F9B9E9 /* Sources */,
				6C8E64EF2159E96900F9B9E9 /* Frameworks */,
				6C8E64F02159E96900F9B9E9 /* Resources */,
			);
			buildRules = (
			);
			dependencies = (
				6C8E64F42159E96900F9B9E9 /* PBXTargetDependency */,
			);
			name = lab4TableViewTests;
			productName = lab4TableViewTests;
			productReference = 6C8E64F22159E96900F9B9E9 /* lab4TableViewTests.xctest */;
			productType = "com.apple.product-type.bundle.unit-test";
		};
		6C8E64FC2159E96900F9B9E9 /* lab4TableViewUITests */ = {
			isa = PBXNativeTarget;
			buildConfigurationList = 6C8E650C2159E96900F9B9E9 /* Build configuration list for PBXNativeTarget "lab4TableViewUITests" */;
			buildPhases = (
				6C8E64F92159E96900F9B9E9 /* Sources */,
				6C8E64FA2159E96900F9B9E9 /* Frameworks */,
				6C8E64FB2159E96900F9B9E9 /* Resources */,
			);
			buildRules = (
			);
			dependencies = (
				6C8E64FF2159E96900F9B9E9 /* PBXTargetDependency */,
			);
			name = lab4TableViewUITests;
			productName = lab4TableViewUITests;
			productReference = 6C8E64FD2159E96900F9B9E9 /* lab4TableViewUITests.xctest */;
			productType = "com.apple.product-type.bundle.ui-testing";
		};
/* End PBXNativeTarget section */

/* Begin PBXProject section */
		6C8E64D62159E96700F9B9E9 /* Project object */ = {
			isa = PBXProject;
			attributes = {
				LastSwiftUpdateCheck = 0940;
				LastUpgradeCheck = 0940;
				ORGANIZATIONNAME = user144566;
				TargetAttributes = {
					6C8E64DD2159E96800F9B9E9 = {
						CreatedOnToolsVersion = 9.4.1;
					};
					6C8E64F12159E96900F9B9E9 = {
						CreatedOnToolsVersion = 9.4.1;
						TestTargetID = 6C8E64DD2159E96800F9B9E9;
					};
					6C8E64FC2159E96900F9B9E9 = {
						CreatedOnToolsVersion = 9.4.1;
						TestTargetID = 6C8E64DD2159E96800F9B9E9;
					};
				};
			};
			buildConfigurationList = 6C8E64D92159E96700F9B9E9 /* Build configuration list for PBXProject "lab4TableView" */;
			compatibilityVersion = "Xcode 9.3";
			developmentRegion = en;
			hasScannedForEncodings = 0;
			knownRegions = (
				en,
				Base,
			);
			mainGroup = 6C8E64D52159E96700F9B9E9;
			productRefGroup = 6C8E64DF2159E96800F9B9E9 /* Products */;
			projectDirPath = "";
			projectRoot = "";
			targets = (
				6C8E64DD2159E96800F9B9E9 /* lab4TableView */,
				6C8E64F12159E96900F9B9E9 /* lab4TableViewTests */,
				6C8E64FC2159E96900F9B9E9 /* lab4TableViewUITests */,
			);
		};
/* End PBXProject section */

/* Begin PBXResourcesBuildPhase section */
		6C8E64DC2159E96800F9B9E9 /* Resources */ = {
			isa = PBXResourcesBuildPhase;
			buildActionMask = 2147483647;
			files = (
				6CAC4D67215AF02B00A400C5 /* LA.png in Resources */,
				6C8E64EC2159E96900F9B9E9 /* LaunchScreen.storyboard in Resources */,
				6CAC4D69215AF03E00A400C5 /* venice.jpg in Resources */,
				6C8E64E92159E96900F9B9E9 /* Assets.xcassets in Resources */,
				6CAC4D65215AF02300A400C5 /* london.jpg in Resources */,
				6C8E64E72159E96800F9B9E9 /* Main.storyboard in Resources */,
				6CAC4D63215AF01D00A400C5 /* moonGoat copy.jpg in Resources */,
				6CAC4D6D215AF05400A400C5 /* hogwarts.jpg in Resources */,
				6CAC4D6B215AF04600A400C5 /* paris.jpg in Resources */,
			);
			runOnlyForDeploymentPostprocessing = 0;
		};
		6C8E64F02159E96900F9B9E9 /* Resources */ = {
			isa = PBXResourcesBuildPhase;
			buildActionMask = 2147483647;
			files = (
			);
			runOnlyForDeploymentPostprocessing = 0;
		};
		6C8E64FB2159E96900F9B9E9 /* Resources */ = {
			isa = PBXResourcesBuildPhase;
			buildActionMask = 2147483647;
			files = (
			);
			runOnlyForDeploymentPostprocessing = 0;
		};
/* End PBXResourcesBuildPhase section */

/* Begin PBXSourcesBuildPhase section */
		6C8E64DA2159E96800F9B9E9 /* Sources */ = {
			isa = PBXSourcesBuildPhase;
			buildActionMask = 2147483647;
			files = (
				6C8E65122159F78D00F9B9E9 /* CityTableViewCell.swift in Sources */,
				6C8E64E42159E96800F9B9E9 /* ViewController.swift in Sources */,
				6C357D7C215AD41500BEBC01 /* cities.swift in Sources */,
				6C8E64E22159E96800F9B9E9 /* AppDelegate.swift in Sources */,
				6C357D7A215AD39000BEBC01 /* DetailViewController.swift in Sources */,
			);
			runOnlyForDeploymentPostprocessing = 0;
		};
		6C8E64EE2159E96900F9B9E9 /* Sources */ = {
			isa = PBXSourcesBuildPhase;
			buildActionMask = 2147483647;
			files = (
				6C8E64F72159E96900F9B9E9 /* lab4TableViewTests.swift in Sources */,
			);
			runOnlyForDeploymentPostprocessing = 0;
		};
		6C8E64F92159E96900F9B9E9 /* Sources */ = {
			isa = PBXSourcesBuildPhase;
			buildActionMask = 2147483647;
			files = (
				6C8E65022159E96900F9B9E9 /* lab4TableViewUITests.swift in Sources */,
			);
			runOnlyForDeploymentPostprocessing = 0;
		};
/* End PBXSourcesBuildPhase section */

/* Begin PBXTargetDependency section */
		6C8E64F42159E96900F9B9E9 /* PBXTargetDependency */ = {
			isa = PBXTargetDependency;
			target = 6C8E64DD2159E96800F9B9E9 /* lab4TableView */;
			targetProxy = 6C8E64F32159E96900F9B9E9 /* PBXContainerItemProxy */;
		};
		6C8E64FF2159E96900F9B9E9 /* PBXTargetDependency */ = {
			isa = PBXTargetDependency;
			target = 6C8E64DD2159E96800F9B9E9 /* lab4TableView */;
			targetProxy = 6C8E64FE2159E96900F9B9E9 /* PBXContainerItemProxy */;
		};
/* End PBXTargetDependency section */

/* Begin PBXVariantGroup section */
		6C8E64E52159E96800F9B9E9 /* Main.storyboard */ = {
			isa = PBXVariantGroup;
			children = (
				6C8E64E62159E96800F9B9E9 /* Base */,
			);
			name = Main.storyboard;
			sourceTree = "<group>";
		};
		6C8E64EA2159E96900F9B9E9 /* LaunchScreen.storyboard */ = {
			isa = PBXVariantGroup;
			children = (
				6C8E64EB2159E96900F9B9E9 /* Base */,
			);
			name = LaunchScreen.storyboard;
			sourceTree = "<group>";
		};
/* End PBXVariantGroup section */

/* Begin XCBuildConfiguration section */
		6C8E65042159E96900F9B9E9 /* Debug */ = {
			isa = XCBuildConfiguration;
			buildSettings = {
				ALWAYS_SEARCH_USER_PATHS = NO;
				CLANG_ANALYZER_NONNULL = YES;
				CLANG_ANALYZER_NUMBER_OBJECT_CONVERSION = YES_AGGRESSIVE;
				CLANG_CXX_LANGUAGE_STANDARD = "gnu++14";
				CLANG_CXX_LIBRARY = "libc++";
				CLANG_ENABLE_MODULES = YES;
				CLANG_ENABLE_OBJC_ARC = YES;
				CLANG_ENABLE_OBJC_WEAK = YES;
				CLANG_WARN_BLOCK_CAPTURE_AUTORELEASING = YES;
				CLANG_WARN_BOOL_CONVERSION = YES;
				CLANG_WARN_COMMA = YES;
				CLANG_WARN_CONSTANT_CONVERSION = YES;
				CLANG_WARN_DEPRECATED_OBJC_IMPLEMENTATIONS = YES;
				CLANG_WARN_DIRECT_OBJC_ISA_USAGE = YES_ERROR;
				CLANG_WARN_DOCUMENTATION_COMMENTS = YES;
				CLANG_WARN_EMPTY_BODY = YES;
				CLANG_WARN_ENUM_CONVERSION = YES;
				CLANG_WARN_INFINITE_RECURSION = YES;
				CLANG_WARN_INT_CONVERSION = YES;
				CLANG_WARN_NON_LITERAL_NULL_CONVERSION = YES;
				CLANG_WARN_OBJC_IMPLICIT_RETAIN_SELF = YES;
				CLANG_WARN_OBJC_LITERAL_CONVERSION = YES;
				CLANG_WARN_OBJC_ROOT_CLASS = YES_ERROR;
				CLANG_WARN_RANGE_LOOP_ANALYSIS = YES;
				CLANG_WARN_STRICT_PROTOTYPES = YES;
				CLANG_WARN_SUSPICIOUS_MOVE = YES;
				CLANG_WARN_UNGUARDED_AVAILABILITY = YES_AGGRESSIVE;
				CLANG_WARN_UNREACHABLE_CODE = YES;
				CLANG_WARN__DUPLICATE_METHOD_MATCH = YES;
				CODE_SIGN_IDENTITY = "iPhone Developer";
				COPY_PHASE_STRIP = NO;
				DEBUG_INFORMATION_FORMAT = dwarf;
				ENABLE_STRICT_OBJC_MSGSEND = YES;
				ENABLE_TESTABILITY = YES;
				GCC_C_LANGUAGE_STANDARD = gnu11;
				GCC_DYNAMIC_NO_PIC = NO;
				GCC_NO_COMMON_BLOCKS = YES;
				GCC_OPTIMIZATION_LEVEL = 0;
				GCC_PREPROCESSOR_DEFINITIONS = (
					"DEBUG=1",
					"$(inherited)",
				);
				GCC_WARN_64_TO_32_BIT_CONVERSION = YES;
				GCC_WARN_ABOUT_RETURN_TYPE = YES_ERROR;
				GCC_WARN_UNDECLARED_SELECTOR = YES;
				GCC_WARN_UNINITIALIZED_AUTOS = YES_AGGRESSIVE;
				GCC_WARN_UNUSED_FUNCTION = YES;
				GCC_WARN_UNUSED_VARIABLE = YES;
				IPHONEOS_DEPLOYMENT_TARGET = 11.4;
				MTL_ENABLE_DEBUG_INFO = YES;
				ONLY_ACTIVE_ARCH = YES;
				SDKROOT = iphoneos;
				SWIFT_ACTIVE_COMPILATION_CONDITIONS = DEBUG;
				SWIFT_OPTIMIZATION_LEVEL = "-Onone";
			};
			name = Debug;
		};
		6C8E65052159E96900F9B9E9 /* Release */ = {
			isa = XCBuildConfiguration;
			buildSettings = {
				ALWAYS_SEARCH_USER_PATHS = NO;
				CLANG_ANALYZER_NONNULL = YES;
				CLANG_ANALYZER_NUMBER_OBJECT_CONVERSION = YES_AGGRESSIVE;
				CLANG_CXX_LANGUAGE_STANDARD = "gnu++14";
				CLANG_CXX_LIBRARY = "libc++";
				CLANG_ENABLE_MODULES = YES;
				CLANG_ENABLE_OBJC_ARC = YES;
				CLANG_ENABLE_OBJC_WEAK = YES;
				CLANG_WARN_BLOCK_CAPTURE_AUTORELEASING = YES;
				CLANG_WARN_BOOL_CONVERSION = YES;
				CLANG_WARN_COMMA = YES;
				CLANG_WARN_CONSTANT_CONVERSION = YES;
				CLANG_WARN_DEPRECATED_OBJC_IMPLEMENTATIONS = YES;
				CLANG_WARN_DIRECT_OBJC_ISA_USAGE = YES_ERROR;
				CLANG_WARN_DOCUMENTATION_COMMENTS = YES;
				CLANG_WARN_EMPTY_BODY = YES;
				CLANG_WARN_ENUM_CONVERSION = YES;
				CLANG_WARN_INFINITE_RECURSION = YES;
				CLANG_WARN_INT_CONVERSION = YES;
				CLANG_WARN_NON_LITERAL_NULL_CONVERSION = YES;
				CLANG_WARN_OBJC_IMPLICIT_RETAIN_SELF = YES;
				CLANG_WARN_OBJC_LITERAL_CONVERSION = YES;
				CLANG_WARN_OBJC_ROOT_CLASS = YES_ERROR;
				CLANG_WARN_RANGE_LOOP_ANALYSIS = YES;
				CLANG_WARN_STRICT_PROTOTYPES = YES;
				CLANG_WARN_SUSPICIOUS_MOVE = YES;
				CLANG_WARN_UNGUARDED_AVAILABILITY = YES_AGGRESSIVE;
				CLANG_WARN_UNREACHABLE_CODE = YES;
				CLANG_WARN__DUPLICATE_METHOD_MATCH = YES;
				CODE_SIGN_IDENTITY = "iPhone Developer";
				COPY_PHASE_STRIP = NO;
				DEBUG_INFORMATION_FORMAT = "dwarf-with-dsym";
				ENABLE_NS_ASSERTIONS = NO;
				ENABLE_STRICT_OBJC_MSGSEND = YES;
				GCC_C_LANGUAGE_STANDARD = gnu11;
				GCC_NO_COMMON_BLOCKS = YES;
				GCC_WARN_64_TO_32_BIT_CONVERSION = YES;
				GCC_WARN_ABOUT_RETURN_TYPE = YES_ERROR;
				GCC_WARN_UNDECLARED_SELECTOR = YES;
				GCC_WARN_UNINITIALIZED_AUTOS = YES_AGGRESSIVE;
				GCC_WARN_UNUSED_FUNCTION = YES;
				GCC_WARN_UNUSED_VARIABLE = YES;
				IPHONEOS_DEPLOYMENT_TARGET = 11.4;
				MTL_ENABLE_DEBUG_INFO = NO;
				SDKROOT = iphoneos;
				SWIFT_COMPILATION_MODE = wholemodule;
				SWIFT_OPTIMIZATION_LEVEL = "-O";
				VALIDATE_PRODUCT = YES;
			};
			name = Release;
		};
		6C8E65072159E96900F9B9E9 /* Debug */ = {
			isa = XCBuildConfiguration;
			buildSettings = {
				ASSETCATALOG_COMPILER_APPICON_NAME = AppIcon;
				CODE_SIGN_STYLE = Automatic;
				INFOPLIST_FILE = lab4TableView/Info.plist;
				LD_RUNPATH_SEARCH_PATHS = (
					"$(inherited)",
					"@executable_path/Frameworks",
				);
				PRODUCT_BUNDLE_IDENTIFIER = NoahAlegria.lab4TableView;
				PRODUCT_NAME = "$(TARGET_NAME)";
				SWIFT_VERSION = 4.0;
				TARGETED_DEVICE_FAMILY = "1,2";
			};
			name = Debug;
		};
		6C8E65082159E96900F9B9E9 /* Release */ = {
			isa = XCBuildConfiguration;
			buildSettings = {
				ASSETCATALOG_COMPILER_APPICON_NAME = AppIcon;
				CODE_SIGN_STYLE = Automatic;
				INFOPLIST_FILE = lab4TableView/Info.plist;
				LD_RUNPATH_SEARCH_PATHS = (
					"$(inherited)",
					"@executable_path/Frameworks",
				);
				PRODUCT_BUNDLE_IDENTIFIER = NoahAlegria.lab4TableView;
				PRODUCT_NAME = "$(TARGET_NAME)";
				SWIFT_VERSION = 4.0;
				TARGETED_DEVICE_FAMILY = "1,2";
			};
			name = Release;
		};
		6C8E650A2159E96900F9B9E9 /* Debug */ = {
			isa = XCBuildConfiguration;
			buildSettings = {
				ALWAYS_EMBED_SWIFT_STANDARD_LIBRARIES = YES;
				BUNDLE_LOADER = "$(TEST_HOST)";
				CODE_SIGN_STYLE = Automatic;
				INFOPLIST_FILE = lab4TableViewTests/Info.plist;
				LD_RUNPATH_SEARCH_PATHS = (
					"$(inherited)",
					"@executable_path/Frameworks",
					"@loader_path/Frameworks",
				);
				PRODUCT_BUNDLE_IDENTIFIER = NoahAlegria.lab4TableViewTests;
				PRODUCT_NAME = "$(TARGET_NAME)";
				SWIFT_VERSION = 4.0;
				TARGETED_DEVICE_FAMILY = "1,2";
				TEST_HOST = "$(BUILT_PRODUCTS_DIR)/lab4TableView.app/lab4TableView";
			};
			name = Debug;
		};
		6C8E650B2159E96900F9B9E9 /* Release */ = {
			isa = XCBuildConfiguration;
			buildSettings = {
				ALWAYS_EMBED_SWIFT_STANDARD_LIBRARIES = YES;
				BUNDLE_LOADER = "$(TEST_HOST)";
				CODE_SIGN_STYLE = Automatic;
				INFOPLIST_FILE = lab4TableViewTests/Info.plist;
				LD_RUNPATH_SEARCH_PATHS = (
					"$(inherited)",
					"@executable_path/Frameworks",
					"@loader_path/Frameworks",
				);
				PRODUCT_BUNDLE_IDENTIFIER = NoahAlegria.lab4TableViewTests;
				PRODUCT_NAME = "$(TARGET_NAME)";
				SWIFT_VERSION = 4.0;
				TARGETED_DEVICE_FAMILY = "1,2";
				TEST_HOST = "$(BUILT_PRODUCTS_DIR)/lab4TableView.app/lab4TableView";
			};
			name = Release;
		};
		6C8E650D2159E96900F9B9E9 /* Debug */ = {
			isa = XCBuildConfiguration;
			buildSettings = {
				ALWAYS_EMBED_SWIFT_STANDARD_LIBRARIES = YES;
				CODE_SIGN_STYLE = Automatic;
				INFOPLIST_FILE = lab4TableViewUITests/Info.plist;
				LD_RUNPATH_SEARCH_PATHS = (
					"$(inherited)",
					"@executable_path/Frameworks",
					"@loader_path/Frameworks",
				);
				PRODUCT_BUNDLE_IDENTIFIER = NoahAlegria.lab4TableViewUITests;
				PRODUCT_NAME = "$(TARGET_NAME)";
				SWIFT_VERSION = 4.0;
				TARGETED_DEVICE_FAMILY = "1,2";
				TEST_TARGET_NAME = lab4TableView;
			};
			name = Debug;
		};
		6C8E650E2159E96900F9B9E9 /* Release */ = {
			isa = XCBuildConfiguration;
			buildSettings = {
				ALWAYS_EMBED_SWIFT_STANDARD_LIBRARIES = YES;
				CODE_SIGN_STYLE = Automatic;
				INFOPLIST_FILE = lab4TableViewUITests/Info.plist;
				LD_RUNPATH_SEARCH_PATHS = (
					"$(inherited)",
					"@executable_path/Frameworks",
					"@loader_path/Frameworks",
				);
				PRODUCT_BUNDLE_IDENTIFIER = NoahAlegria.lab4TableViewUITests;
				PRODUCT_NAME = "$(TARGET_NAME)";
				SWIFT_VERSION = 4.0;
				TARGETED_DEVICE_FAMILY = "1,2";
				TEST_TARGET_NAME = lab4TableView;
			};
			name = Release;
		};
/* End XCBuildConfiguration section */

/* Begin XCConfigurationList section */
		6C8E64D92159E96700F9B9E9 /* Build configuration list for PBXProject "lab4TableView" */ = {
			isa = XCConfigurationList;
			buildConfigurations = (
				6C8E65042159E96900F9B9E9 /* Debug */,
				6C8E65052159E96900F9B9E9 /* Release */,
			);
			defaultConfigurationIsVisible = 0;
			defaultConfigurationName = Release;
		};
		6C8E65062159E96900F9B9E9 /* Build configuration list for PBXNativeTarget "lab4TableView" */ = {
			isa = XCConfigurationList;
			buildConfigurations = (
				6C8E65072159E96900F9B9E9 /* Debug */,
				6C8E65082159E96900F9B9E9 /* Release */,
			);
			defaultConfigurationIsVisible = 0;
			defaultConfigurationName = Release;
		};
		6C8E65092159E96900F9B9E9 /* Build configuration list for PBXNativeTarget "lab4TableViewTests" */ = {
			isa = XCConfigurationList;
			buildConfigurations = (
				6C8E650A2159E96900F9B9E9 /* Debug */,
				6C8E650B2159E96900F9B9E9 /* Release */,
			);
			defaultConfigurationIsVisible = 0;
			defaultConfigurationName = Release;
		};
		6C8E650C2159E96900F9B9E9 /* Build configuration list for PBXNativeTarget "lab4TableViewUITests" */ = {
			isa = XCConfigurationList;
			buildConfigurations = (
				6C8E650D2159E96900F9B9E9 /* Debug */,
				6C8E650E2159E96900F9B9E9 /* Release */,
			);
			defaultConfigurationIsVisible = 0;
			defaultConfigurationName = Release;
		};
/* End XCConfigurationList section */
	};
	rootObject = 6C8E64D62159E96700F9B9E9 /* Project object */;
}
